
Microsoft Visual Studio Solution File, Format Version 12.00
# Visual Studio Version 16
VisualStudioVersion = 16.0.31624.102
MinimumVisualStudioVersion = 10.0.40219.1
Project("{FAE04EC0-301F-11D3-BF4B-00C04F79EFBC}") = "Evidence_1264855", "Evidence_1264855\Evidence_1264855.csproj", "{D320A842-B1EE-4AC3-8249-E3A597B87C87}"
EndProject
Global
	GlobalSection(SolutionConfigurationPlatforms) = preSolution
		Debug|Any CPU = Debug|Any CPU
		Release|Any CPU = Release|Any CPU
	EndGlobalSection
	GlobalSection(ProjectConfigurationPlatforms) = postSolution
		{D320A842-B1EE-4AC3-8249-E3A597B87C87}.Debug|Any CPU.ActiveCfg = Debug|Any CPU
		{D320A842-B1EE-4AC3-8249-E3A597B87C87}.Debug|Any CPU.Build.0 = Debug|Any CPU
		{D320A842-B1EE-4AC3-8249-E3A597B87C87}.Release|Any CPU.ActiveCfg = Release|Any CPU
		{D320A842-B1EE-4AC3-8249-E3A597B87C87}.Release|Any CPU.Build.0 = Release|Any CPU
	EndGlobalSection
	GlobalSection(SolutionProperties) = preSolution
		HideSolutionNode = FALSE
	EndGlobalSection
	GlobalSection(ExtensibilityGlobals) = postSolution
		SolutionGuid = {EE36E79E-BD75-41DD-AB86-6C451A2265BE}
	EndGlobalSection
EndGlobal
